
Microsoft Visual Studio Solution File, Format Version 12.00
# Visual Studio Version 17
VisualStudioVersion = 17.11.35208.52
MinimumVisualStudioVersion = 10.0.40219.1
Project("{2150E333-8FDC-42A3-9474-1A3956D46DE8}") = "backend", "backend", "{700FCDD9-AC1D-4859-A51F-41333D66EF9E}"
EndProject
Project("{9A19103F-16F7-4668-BE54-9A1E7A4F7556}") = "FWF.FlightSearchService.App", "backend\FWF.FlightSearchService.App\FWF.FlightSearchService.App.csproj", "{1F21A88B-74D8-44A0-9D4E-BCDCB65D8BDA}"
EndProject
Project("{2150E333-8FDC-42A3-9474-1A3956D46DE8}") = "frontend", "frontend", "{66A96CC1-6321-4B04-B902-FA68F784883F}"
EndProject
Project("{2150E333-8FDC-42A3-9474-1A3956D46DE8}") = "test", "test", "{81AF53D0-F755-4435-AFCA-C665E8CE68F9}"
EndProject
Project("{2150E333-8FDC-42A3-9474-1A3956D46DE8}") = "common", "common", "{723516D8-E30B-45CE-A41C-D84D05C114E0}"
EndProject
Project("{9A19103F-16F7-4668-BE54-9A1E7A4F7556}") = "FWF.Core", "common\FWF.Core\FWF.Core.csproj", "{0EC62273-07DF-4D57-BE5A-91BCDD08B977}"
EndProject
Project("{9A19103F-16F7-4668-BE54-9A1E7A4F7556}") = "FWF.Core.Tests", "test\FWF.Core.Tests\FWF.Core.Tests.csproj", "{D6D2E768-05BA-46DE-BE90-E6B5F585DE74}"
EndProject
Project("{2150E333-8FDC-42A3-9474-1A3956D46DE8}") = "deployment", "deployment", "{221B5006-1AA4-437E-B5CD-5AA50F3CCEC2}"
EndProject
Project("{9A19103F-16F7-4668-BE54-9A1E7A4F7556}") = "FWF.FunWithFlights.Web", "frontend\FWF.FunWithFlights.Web\FWF.FunWithFlights.Web.csproj", "{76658033-B62C-45F4-A248-47841A3DF07F}"
EndProject
Project("{2150E333-8FDC-42A3-9474-1A3956D46DE8}") = "Templates", "Templates", "{576C73C4-0398-47A6-9B4A-1EA293149F87}"
	ProjectSection(SolutionItems) = preProject
		deployment\Templates\fwf-data-factory-resources.json = deployment\Templates\fwf-data-factory-resources.json
		deployment\Templates\fwf-data-factory-resources.parameters.json = deployment\Templates\fwf-data-factory-resources.parameters.json
		deployment\Templates\fwf-database.json = deployment\Templates\fwf-database.json
		deployment\Templates\fwf-database.parameters.json = deployment\Templates\fwf-database.parameters.json
		deployment\Templates\fwf-key-vault.json = deployment\Templates\fwf-key-vault.json
		deployment\Templates\fwf-key-vault.parameters.json = deployment\Templates\fwf-key-vault.parameters.json
		deployment\Templates\fwf-resource-group.json = deployment\Templates\fwf-resource-group.json
		deployment\Templates\fwf-resource-group.parameters.json = deployment\Templates\fwf-resource-group.parameters.json
		deployment\Templates\fwf-service-resources.json = deployment\Templates\fwf-service-resources.json
		deployment\Templates\fwf-service-resources.parameters.json = deployment\Templates\fwf-service-resources.parameters.json
	EndProjectSection
EndProject
Project("{2150E333-8FDC-42A3-9474-1A3956D46DE8}") = "DBScripts", "DBScripts", "{17EA1DB9-0064-4285-A925-37B784A0F8E1}"
	ProjectSection(SolutionItems) = preProject
		deployment\DBScripts\dbo.route.sql = deployment\DBScripts\dbo.route.sql
		deployment\DBScripts\dbo.route_data_success_sp.sql = deployment\DBScripts\dbo.route_data_success_sp.sql
		deployment\DBScripts\dbo.route_staging.sql = deployment\DBScripts\dbo.route_staging.sql
	EndProjectSection
EndProject
Project("{9A19103F-16F7-4668-BE54-9A1E7A4F7556}") = "FWF.Dal.Tests", "test\FWF.Dal.Tests\FWF.Dal.Tests.csproj", "{91A89693-F1A4-4B38-9FB8-E495AD883467}"
EndProject
Project("{9A19103F-16F7-4668-BE54-9A1E7A4F7556}") = "FWF.Dal", "common\FWF.Dal\FWF.Dal.csproj", "{454BEE39-F682-4E0F-900F-7484D12CF7CB}"
EndProject
Project("{2150E333-8FDC-42A3-9474-1A3956D46DE8}") = "factory", "factory", "{A059E6F1-E82E-4AE5-8006-E75FD4919668}"
	ProjectSection(SolutionItems) = preProject
		deployment\Templates\factory\fwf-data-factory.json = deployment\Templates\factory\fwf-data-factory.json
		deployment\Templates\factory\fwf-data-factory.parameters.json = deployment\Templates\factory\fwf-data-factory.parameters.json
	EndProjectSection
EndProject
Project("{2150E333-8FDC-42A3-9474-1A3956D46DE8}") = "doc", "doc", "{7DF7490B-8312-496E-AE23-AB7BC9E3545F}"
	ProjectSection(SolutionItems) = preProject
		doc\Architecture Overview.docx = doc\Architecture Overview.docx
		doc\FunWithFlights Architecture diagramm.drawio = doc\FunWithFlights Architecture diagramm.drawio
	EndProjectSection
EndProject
Global
	GlobalSection(SolutionConfigurationPlatforms) = preSolution
		Debug|Any CPU = Debug|Any CPU
		Release|Any CPU = Release|Any CPU
	EndGlobalSection
	GlobalSection(ProjectConfigurationPlatforms) = postSolution
		{1F21A88B-74D8-44A0-9D4E-BCDCB65D8BDA}.Debug|Any CPU.ActiveCfg = Debug|Any CPU
		{1F21A88B-74D8-44A0-9D4E-BCDCB65D8BDA}.Debug|Any CPU.Build.0 = Debug|Any CPU
		{1F21A88B-74D8-44A0-9D4E-BCDCB65D8BDA}.Release|Any CPU.ActiveCfg = Release|Any CPU
		{1F21A88B-74D8-44A0-9D4E-BCDCB65D8BDA}.Release|Any CPU.Build.0 = Release|Any CPU
		{0EC62273-07DF-4D57-BE5A-91BCDD08B977}.Debug|Any CPU.ActiveCfg = Debug|Any CPU
		{0EC62273-07DF-4D57-BE5A-91BCDD08B977}.Debug|Any CPU.Build.0 = Debug|Any CPU
		{0EC62273-07DF-4D57-BE5A-91BCDD08B977}.Release|Any CPU.ActiveCfg = Release|Any CPU
		{0EC62273-07DF-4D57-BE5A-91BCDD08B977}.Release|Any CPU.Build.0 = Release|Any CPU
		{D6D2E768-05BA-46DE-BE90-E6B5F585DE74}.Debug|Any CPU.ActiveCfg = Debug|Any CPU
		{D6D2E768-05BA-46DE-BE90-E6B5F585DE74}.Debug|Any CPU.Build.0 = Debug|Any CPU
		{D6D2E768-05BA-46DE-BE90-E6B5F585DE74}.Release|Any CPU.ActiveCfg = Release|Any CPU
		{D6D2E768-05BA-46DE-BE90-E6B5F585DE74}.Release|Any CPU.Build.0 = Release|Any CPU
		{76658033-B62C-45F4-A248-47841A3DF07F}.Debug|Any CPU.ActiveCfg = Debug|Any CPU
		{76658033-B62C-45F4-A248-47841A3DF07F}.Debug|Any CPU.Build.0 = Debug|Any CPU
		{76658033-B62C-45F4-A248-47841A3DF07F}.Release|Any CPU.ActiveCfg = Release|Any CPU
		{76658033-B62C-45F4-A248-47841A3DF07F}.Release|Any CPU.Build.0 = Release|Any CPU
		{91A89693-F1A4-4B38-9FB8-E495AD883467}.Debug|Any CPU.ActiveCfg = Debug|Any CPU
		{91A89693-F1A4-4B38-9FB8-E495AD883467}.Debug|Any CPU.Build.0 = Debug|Any CPU
		{91A89693-F1A4-4B38-9FB8-E495AD883467}.Release|Any CPU.ActiveCfg = Release|Any CPU
		{91A89693-F1A4-4B38-9FB8-E495AD883467}.Release|Any CPU.Build.0 = Release|Any CPU
		{454BEE39-F682-4E0F-900F-7484D12CF7CB}.Debug|Any CPU.ActiveCfg = Debug|Any CPU
		{454BEE39-F682-4E0F-900F-7484D12CF7CB}.Debug|Any CPU.Build.0 = Debug|Any CPU
		{454BEE39-F682-4E0F-900F-7484D12CF7CB}.Release|Any CPU.ActiveCfg = Release|Any CPU
		{454BEE39-F682-4E0F-900F-7484D12CF7CB}.Release|Any CPU.Build.0 = Release|Any CPU
	EndGlobalSection
	GlobalSection(SolutionProperties) = preSolution
		HideSolutionNode = FALSE
	EndGlobalSection
	GlobalSection(NestedProjects) = preSolution
		{1F21A88B-74D8-44A0-9D4E-BCDCB65D8BDA} = {700FCDD9-AC1D-4859-A51F-41333D66EF9E}
		{0EC62273-07DF-4D57-BE5A-91BCDD08B977} = {723516D8-E30B-45CE-A41C-D84D05C114E0}
		{D6D2E768-05BA-46DE-BE90-E6B5F585DE74} = {81AF53D0-F755-4435-AFCA-C665E8CE68F9}
		{76658033-B62C-45F4-A248-47841A3DF07F} = {66A96CC1-6321-4B04-B902-FA68F784883F}
		{576C73C4-0398-47A6-9B4A-1EA293149F87} = {221B5006-1AA4-437E-B5CD-5AA50F3CCEC2}
		{17EA1DB9-0064-4285-A925-37B784A0F8E1} = {221B5006-1AA4-437E-B5CD-5AA50F3CCEC2}
		{91A89693-F1A4-4B38-9FB8-E495AD883467} = {81AF53D0-F755-4435-AFCA-C665E8CE68F9}
		{454BEE39-F682-4E0F-900F-7484D12CF7CB} = {723516D8-E30B-45CE-A41C-D84D05C114E0}
		{A059E6F1-E82E-4AE5-8006-E75FD4919668} = {576C73C4-0398-47A6-9B4A-1EA293149F87}
	EndGlobalSection
	GlobalSection(ExtensibilityGlobals) = postSolution
		SolutionGuid = {3DC8633E-AAC8-4F3B-BD4E-50ECF2BECA0F}
	EndGlobalSection
EndGlobal
